
Microsoft Visual Studio Solution File, Format Version 12.00
# Visual Studio Version 17
VisualStudioVersion = 17.13.35806.99 d17.13
MinimumVisualStudioVersion = 10.0.40219.1
Project("{FAE04EC0-301F-11D3-BF4B-00C04F79EFBC}") = "exercicio5", "exercicio5.csproj", "{8B112F20-CFF7-46E2-9539-75F7B2F60053}"
EndProject
Global
	GlobalSection(SolutionConfigurationPlatforms) = preSolution
		Debug|Any CPU = Debug|Any CPU
		Release|Any CPU = Release|Any CPU
	EndGlobalSection
	GlobalSection(ProjectConfigurationPlatforms) = postSolution
		{8B112F20-CFF7-46E2-9539-75F7B2F60053}.Debug|Any CPU.ActiveCfg = Debug|Any CPU
		{8B112F20-CFF7-46E2-9539-75F7B2F60053}.Debug|Any CPU.Build.0 = Debug|Any CPU
		{8B112F20-CFF7-46E2-9539-75F7B2F60053}.Release|Any CPU.ActiveCfg = Release|Any CPU
		{8B112F20-CFF7-46E2-9539-75F7B2F60053}.Release|Any CPU.Build.0 = Release|Any CPU
	EndGlobalSection
	GlobalSection(SolutionProperties) = preSolution
		HideSolutionNode = FALSE
	EndGlobalSection
	GlobalSection(ExtensibilityGlobals) = postSolution
		SolutionGuid = {DF81FB16-6AD7-4073-A5EF-F8F9526089E4}
	EndGlobalSection
EndGlobal
